
Microsoft Visual Studio Solution File, Format Version 12.00
# Visual Studio Version 17
VisualStudioVersion = 17.11.35208.52
MinimumVisualStudioVersion = 10.0.40219.1
Project("{FAE04EC0-301F-11D3-BF4B-00C04F79EFBC}") = "Cheat", "Cheat\Cheat.csproj", "{1B89AD34-6C89-4F6D-B605-A4AFF9220C11}"
EndProject
Global
	GlobalSection(SolutionConfigurationPlatforms) = preSolution
		Debug|Any CPU = Debug|Any CPU
		Release|Any CPU = Release|Any CPU
	EndGlobalSection
	GlobalSection(ProjectConfigurationPlatforms) = postSolution
		{1B89AD34-6C89-4F6D-B605-A4AFF9220C11}.Debug|Any CPU.ActiveCfg = Debug|Any CPU
		{1B89AD34-6C89-4F6D-B605-A4AFF9220C11}.Debug|Any CPU.Build.0 = Debug|Any CPU
		{1B89AD34-6C89-4F6D-B605-A4AFF9220C11}.Release|Any CPU.ActiveCfg = Release|Any CPU
		{1B89AD34-6C89-4F6D-B605-A4AFF9220C11}.Release|Any CPU.Build.0 = Release|Any CPU
	EndGlobalSection
	GlobalSection(SolutionProperties) = preSolution
		HideSolutionNode = FALSE
	EndGlobalSection
	GlobalSection(ExtensibilityGlobals) = postSolution
		SolutionGuid = {A25ACB44-5EF6-486F-AD1A-D5DEA9D24F92}
	EndGlobalSection
EndGlobal
